
Microsoft Visual Studio Solution File, Format Version 12.00
# Visual Studio Version 16
VisualStudioVersion = 16.0.30804.86
MinimumVisualStudioVersion = 10.0.40219.1
Project("{FAE04EC0-301F-11D3-BF4B-00C04F79EFBC}") = "FirstWEbSite", "FirstWEbSite\FirstWEbSite.csproj", "{F567A0D1-877F-4FDD-8411-CDFCEFC8B029}"
EndProject
Global
	GlobalSection(SolutionConfigurationPlatforms) = preSolution
		Debug|Any CPU = Debug|Any CPU
		Release|Any CPU = Release|Any CPU
	EndGlobalSection
	GlobalSection(ProjectConfigurationPlatforms) = postSolution
		{F567A0D1-877F-4FDD-8411-CDFCEFC8B029}.Debug|Any CPU.ActiveCfg = Debug|Any CPU
		{F567A0D1-877F-4FDD-8411-CDFCEFC8B029}.Debug|Any CPU.Build.0 = Debug|Any CPU
		{F567A0D1-877F-4FDD-8411-CDFCEFC8B029}.Release|Any CPU.ActiveCfg = Release|Any CPU
		{F567A0D1-877F-4FDD-8411-CDFCEFC8B029}.Release|Any CPU.Build.0 = Release|Any CPU
	EndGlobalSection
	GlobalSection(SolutionProperties) = preSolution
		HideSolutionNode = FALSE
	EndGlobalSection
	GlobalSection(ExtensibilityGlobals) = postSolution
		SolutionGuid = {0363EA9A-74F4-43FC-A630-603213B89014}
	EndGlobalSection
EndGlobal
